
Microsoft Visual Studio Solution File, Format Version 12.00
# Visual Studio Version 17
VisualStudioVersion = 17.10.35122.118
MinimumVisualStudioVersion = 10.0.40219.1
Project("{FAE04EC0-301F-11D3-BF4B-00C04F79EFBC}") = "TestVideoWriter", "TestVideoWriter.csproj", "{DBC02642-B893-421B-B059-C01DCC7C41BF}"
EndProject
Global
	GlobalSection(SolutionConfigurationPlatforms) = preSolution
		Debug|Any CPU = Debug|Any CPU
		Debug|x86 = Debug|x86
		Release|Any CPU = Release|Any CPU
		Release|x86 = Release|x86
	EndGlobalSection
	GlobalSection(ProjectConfigurationPlatforms) = postSolution
		{DBC02642-B893-421B-B059-C01DCC7C41BF}.Debug|Any CPU.ActiveCfg = Debug|Any CPU
		{DBC02642-B893-421B-B059-C01DCC7C41BF}.Debug|Any CPU.Build.0 = Debug|Any CPU
		{DBC02642-B893-421B-B059-C01DCC7C41BF}.Debug|x86.ActiveCfg = Debug|x86
		{DBC02642-B893-421B-B059-C01DCC7C41BF}.Debug|x86.Build.0 = Debug|x86
		{DBC02642-B893-421B-B059-C01DCC7C41BF}.Release|Any CPU.ActiveCfg = Release|Any CPU
		{DBC02642-B893-421B-B059-C01DCC7C41BF}.Release|Any CPU.Build.0 = Release|Any CPU
		{DBC02642-B893-421B-B059-C01DCC7C41BF}.Release|x86.ActiveCfg = Release|x86
		{DBC02642-B893-421B-B059-C01DCC7C41BF}.Release|x86.Build.0 = Release|x86
	EndGlobalSection
	GlobalSection(SolutionProperties) = preSolution
		HideSolutionNode = FALSE
	EndGlobalSection
	GlobalSection(ExtensibilityGlobals) = postSolution
		SolutionGuid = {26448DFF-BF8D-4D0A-83D7-2F1FF73FA21E}
	EndGlobalSection
EndGlobal
